// !$*UTF8*$!
{
	archiveVersion = 1;
	classes = {
	};
	objectVersion = 56;
	objects = {

/* Begin PBXBuildFile section */
		A10000000000000100000001 /* RockVisionApp.swift in Sources */ = {isa = PBXBuildFile; fileRef = A20000000000000100000001 /* RockVisionApp.swift */; };
		A10000000000000100000002 /* ContentView.swift in Sources */ = {isa = PBXBuildFile; fileRef = A20000000000000100000002 /* ContentView.swift */; };
		A10000000000000100000003 /* ARSessionHost.swift in Sources */ = {isa = PBXBuildFile; fileRef = A20000000000000100000003 /* ARSessionHost.swift */; };
		A10000000000000100000004 /* ARCameraPreview.swift in Sources */ = {isa = PBXBuildFile; fileRef = A20000000000000100000004 /* ARCameraPreview.swift */; };
		A10000000000000100000005 /* DebugOverlayView.swift in Sources */ = {isa = PBXBuildFile; fileRef = A20000000000000100000005 /* DebugOverlayView.swift */; };
		A10000000000000100000006 /* Assets.xcassets in Resources */ = {isa = PBXBuildFile; fileRef = A20000000000000100000006 /* Assets.xcassets */; };
		A10000000000000100000007 /* ARKit.framework in Frameworks */ = {isa = PBXBuildFile; fileRef = A20000000000000100000007 /* ARKit.framework */; };
		A10000000000000100000008 /* RealityKit.framework in Frameworks */ = {isa = PBXBuildFile; fileRef = A20000000000000100000008 /* RealityKit.framework */; };
		A10000000000000100000009 /* OpenCVBridge.mm in Sources */ = {isa = PBXBuildFile; fileRef = A2000000000000010000000C /* OpenCVBridge.mm */; };
		A1000000000000010000000A /* OpenCVFrameProcessor.swift in Sources */ = {isa = PBXBuildFile; fileRef = A2000000000000010000000D /* OpenCVFrameProcessor.swift */; };
		A1000000000000010000000B /* CameraIntrinsics.swift in Sources */ = {isa = PBXBuildFile; fileRef = A2000000000000010000000E /* CameraIntrinsics.swift */; };
		A1000000000000010000000C /* opencv2.xcframework in Frameworks */ = {isa = PBXBuildFile; fileRef = A20000000000000100000010 /* opencv2.xcframework */; };
		A1000000000000010000000D /* Accelerate.framework in Frameworks */ = {isa = PBXBuildFile; fileRef = A20000000000000100000011 /* Accelerate.framework */; };
		A1000000000000010000000E /* CoreVideo.framework in Frameworks */ = {isa = PBXBuildFile; fileRef = A20000000000000100000012 /* CoreVideo.framework */; };
		A1000000000000010000000F /* CoreMedia.framework in Frameworks */ = {isa = PBXBuildFile; fileRef = A20000000000000100000013 /* CoreMedia.framework */; };
		A10000000000000100000010 /* OpenCVBridgeTests.swift in Sources */ = {isa = PBXBuildFile; fileRef = A20000000000000100000015 /* OpenCVBridgeTests.swift */; };
		A10000000000000100000011 /* opencv2.xcframework in Frameworks */ = {isa = PBXBuildFile; fileRef = A20000000000000100000010 /* opencv2.xcframework */; };
		A10000000000000100000012 /* KeypointOverlayView.swift in Sources */ = {isa = PBXBuildFile; fileRef = A20000000000000100000017 /* KeypointOverlayView.swift */; };
		A10000000000000100000013 /* SIFTCoordinateMapping.swift in Sources */ = {isa = PBXBuildFile; fileRef = A20000000000000100000018 /* SIFTCoordinateMapping.swift */; };
		A10000000000000100000014 /* SIFTFrameResult.swift in Sources */ = {isa = PBXBuildFile; fileRef = A20000000000000100000019 /* SIFTFrameResult.swift */; };
		A10000000000000100000015 /* SIFTExtractionTests.swift in Sources */ = {isa = PBXBuildFile; fileRef = A2000000000000010000001A /* SIFTExtractionTests.swift */; };
		A10000000000000100000016 /* FieldTestModels.swift in Sources */ = {isa = PBXBuildFile; fileRef = A2000000000000010000001B /* FieldTestModels.swift */; };
		A10000000000000100000017 /* FieldTestStore.swift in Sources */ = {isa = PBXBuildFile; fileRef = A2000000000000010000001C /* FieldTestStore.swift */; };
		A10000000000000100000018 /* FieldTestController.swift in Sources */ = {isa = PBXBuildFile; fileRef = A2000000000000010000001D /* FieldTestController.swift */; };
		A10000000000000100000019 /* FieldTestPanel.swift in Sources */ = {isa = PBXBuildFile; fileRef = A2000000000000010000001E /* FieldTestPanel.swift */; };
		A1000000000000010000001A /* FieldTestStoreTests.swift in Sources */ = {isa = PBXBuildFile; fileRef = A2000000000000010000001F /* FieldTestStoreTests.swift */; };
		A10000000000000100000020 /* FieldTestExport.swift in Sources */ = {isa = PBXBuildFile; fileRef = A20000000000000100000020 /* FieldTestExport.swift */; };
		A10000000000000100000021 /* MatchingConstants.swift in Sources */ = {isa = PBXBuildFile; fileRef = A20000000000000100000021 /* MatchingConstants.swift */; };
		A10000000000000100000022 /* Point3DMatchCollapser.swift in Sources */ = {isa = PBXBuildFile; fileRef = A20000000000000100000022 /* Point3DMatchCollapser.swift */; };
		A10000000000000100000023 /* RVS1Artifact.swift in Sources */ = {isa = PBXBuildFile; fileRef = A20000000000000100000023 /* RVS1Artifact.swift */; };
		A10000000000000100000024 /* ReferenceDatabase.swift in Sources */ = {isa = PBXBuildFile; fileRef = A20000000000000100000024 /* ReferenceDatabase.swift */; };
		A10000000000000100000025 /* Point3DMatchCollapserTests.swift in Sources */ = {isa = PBXBuildFile; fileRef = A20000000000000100000025 /* Point3DMatchCollapserTests.swift */; };
		A10000000000000100000026 /* DevelopmentFixture.swift in Sources */ = {isa = PBXBuildFile; fileRef = A20000000000000100000026 /* DevelopmentFixture.swift */; };
		A10000000000000100000027 /* DevelopmentFixture in Resources */ = {isa = PBXBuildFile; fileRef = A20000000000000100000027 /* DevelopmentFixture */; };
		A10000000000000100000028 /* DevelopmentFixtureTests.swift in Sources */ = {isa = PBXBuildFile; fileRef = A20000000000000100000028 /* DevelopmentFixtureTests.swift */; };
		A10000000000000100000029 /* MatchingRuntime.swift in Sources */ = {isa = PBXBuildFile; fileRef = A20000000000000100000029 /* MatchingRuntime.swift */; };
		A1000000000000010000002A /* PnPConstants.swift in Sources */ = {isa = PBXBuildFile; fileRef = A2000000000000010000002A /* PnPConstants.swift */; };
		A1000000000000010000002B /* PnPGeometry.swift in Sources */ = {isa = PBXBuildFile; fileRef = A2000000000000010000002B /* PnPGeometry.swift */; };
		A1000000000000010000002C /* PnPSidecar.swift in Sources */ = {isa = PBXBuildFile; fileRef = A2000000000000010000002C /* PnPSidecar.swift */; };
		A1000000000000010000002D /* PnPConventionTests.swift in Sources */ = {isa = PBXBuildFile; fileRef = A2000000000000010000002D /* PnPConventionTests.swift */; };
		A1000000000000010000002E /* PnPSidecarTests.swift in Sources */ = {isa = PBXBuildFile; fileRef = A2000000000000010000002E /* PnPSidecarTests.swift */; };
		A1000000000000010000002F /* PnPRuntime.swift in Sources */ = {isa = PBXBuildFile; fileRef = A2000000000000010000002F /* PnPRuntime.swift */; };
		A10000000000000100000030 /* PnPSim3.swift in Sources */ = {isa = PBXBuildFile; fileRef = A20000000000000100000030 /* PnPSim3.swift */; };
		A10000000000000100000031 /* PnPRuntimeTests.swift in Sources */ = {isa = PBXBuildFile; fileRef = A20000000000000100000031 /* PnPRuntimeTests.swift */; };
		A10000000000000100000032 /* PnPParityTests.swift in Sources */ = {isa = PBXBuildFile; fileRef = A20000000000000100000032 /* PnPParityTests.swift */; };
		A10000000000000100000033 /* S_wall_colmap.json in Resources */ = {isa = PBXBuildFile; fileRef = A20000000000000100000033 /* S_wall_colmap.json */; };
		A10000000000000100000034 /* PnPSceneAParity.json in Resources */ = {isa = PBXBuildFile; fileRef = A20000000000000100000034 /* PnPSceneAParity.json */; };
		A10000000000000100000035 /* PnPSceneAParityExpected.json in Resources */ = {isa = PBXBuildFile; fileRef = A20000000000000100000035 /* PnPSceneAParityExpected.json */; };
		A10000000000000100000036 /* LocalizationConfirmation.swift in Sources */ = {isa = PBXBuildFile; fileRef = A20000000000000100000036 /* LocalizationConfirmation.swift */; };
		A10000000000000100000037 /* LocalizationConfirmationTests.swift in Sources */ = {isa = PBXBuildFile; fileRef = A20000000000000100000037 /* LocalizationConfirmationTests.swift */; };
		A10000000000000100000038 /* FieldConfirmationSessionBarrier.swift in Sources */ = {isa = PBXBuildFile; fileRef = A20000000000000100000038 /* FieldConfirmationSessionBarrier.swift */; };
		A10000000000000100000039 /* FieldConfirmationSessionBarrierTests.swift in Sources */ = {isa = PBXBuildFile; fileRef = A20000000000000100000039 /* FieldConfirmationSessionBarrierTests.swift */; };
		A1000000000000010000003A /* CoordinateTransforms.swift in Sources */ = {isa = PBXBuildFile; fileRef = A2000000000000010000003A /* CoordinateTransforms.swift */; };
		A1000000000000010000003B /* ProductionAlignment.swift in Sources */ = {isa = PBXBuildFile; fileRef = A2000000000000010000003B /* ProductionAlignment.swift */; };
		A1000000000000010000003C /* CoordinateTransformsTests.swift in Sources */ = {isa = PBXBuildFile; fileRef = A2000000000000010000003C /* CoordinateTransformsTests.swift */; };
		A1000000000000010000003D /* ProductionAlignmentTests.swift in Sources */ = {isa = PBXBuildFile; fileRef = A2000000000000010000003D /* ProductionAlignmentTests.swift */; };
		A1000000000000010000003E /* WallAlignmentDebugGeometry.swift in Sources */ = {isa = PBXBuildFile; fileRef = A2000000000000010000003E /* WallAlignmentDebugGeometry.swift */; };
		A1000000000000010000003F /* WallAlignmentDebugOverlay.swift in Sources */ = {isa = PBXBuildFile; fileRef = A2000000000000010000003F /* WallAlignmentDebugOverlay.swift */; };
		A10000000000000100000040 /* WallAlignmentDebugGeometryTests.swift in Sources */ = {isa = PBXBuildFile; fileRef = A20000000000000100000040 /* WallAlignmentDebugGeometryTests.swift */; };
		A10000000000000100000041 /* Gate4BMeasurementFixture.swift in Sources */ = {isa = PBXBuildFile; fileRef = A20000000000000100000041 /* Gate4BMeasurementFixture.swift */; };
		A10000000000000100000042 /* Gate4BMeasurementFixture.json in Resources */ = {isa = PBXBuildFile; fileRef = A20000000000000100000042 /* Gate4BMeasurementFixture.json */; };
		A10000000000000100000043 /* Gate4BMeasurementInstrumentationTests.swift in Sources */ = {isa = PBXBuildFile; fileRef = A20000000000000100000043 /* Gate4BMeasurementInstrumentationTests.swift */; };
		A10000000000000100000044 /* Gate4BPhysicalValidationHUD.swift in Sources */ = {isa = PBXBuildFile; fileRef = A20000000000000100000044 /* Gate4BPhysicalValidationHUD.swift */; };
		A10000000000000100000045 /* Gate4BPhysicalValidationHUDTests.swift in Sources */ = {isa = PBXBuildFile; fileRef = A20000000000000100000045 /* Gate4BPhysicalValidationHUDTests.swift */; };
		A10000000000000100000046 /* Gate5BRouteTransformTests.swift in Sources */ = {isa = PBXBuildFile; fileRef = A20000000000000100000046 /* Gate5BRouteTransformTests.swift */; };
		A10000000000000100000047 /* RuntimeRouteBinding.swift in Sources */ = {isa = PBXBuildFile; fileRef = A20000000000000100000047 /* RuntimeRouteBinding.swift */; };
		A10000000000000100000048 /* Gate5CRouteFixture.json in Resources */ = {isa = PBXBuildFile; fileRef = A20000000000000100000048 /* Gate5CRouteFixture.json */; };
		A10000000000000100000049 /* Gate5CRuntimeRouteBindingTests.swift in Sources */ = {isa = PBXBuildFile; fileRef = A20000000000000100000049 /* Gate5CRuntimeRouteBindingTests.swift */; };
		A1000000000000010000004A /* RouteRenderPlan.swift in Sources */ = {isa = PBXBuildFile; fileRef = A2000000000000010000004A /* RouteRenderPlan.swift */; };
		A1000000000000010000004B /* RouteOverlay.swift in Sources */ = {isa = PBXBuildFile; fileRef = A2000000000000010000004B /* RouteOverlay.swift */; };
		A1000000000000010000004C /* Gate5DARendererCorrectnessTests.swift in Sources */ = {isa = PBXBuildFile; fileRef = A2000000000000010000004C /* Gate5DARendererCorrectnessTests.swift */; };
		A1000000000000010000004D /* CloudAPIConfiguration.swift in Sources */ = {isa = PBXBuildFile; fileRef = A2000000000000010000004D /* CloudAPIConfiguration.swift */; };
		A1000000000000010000004E /* CloudAssetContract.swift in Sources */ = {isa = PBXBuildFile; fileRef = A2000000000000010000004E /* CloudAssetContract.swift */; };
		A1000000000000010000004F /* CloudAPIClient.swift in Sources */ = {isa = PBXBuildFile; fileRef = A2000000000000010000004F /* CloudAPIClient.swift */; };
		A10000000000000100000050 /* CloudIntegrity.swift in Sources */ = {isa = PBXBuildFile; fileRef = A20000000000000100000050 /* CloudIntegrity.swift */; };
		A10000000000000100000051 /* CloudReleaseStore.swift in Sources */ = {isa = PBXBuildFile; fileRef = A20000000000000100000051 /* CloudReleaseStore.swift */; };
		A10000000000000100000052 /* CloudReleaseInstaller.swift in Sources */ = {isa = PBXBuildFile; fileRef = A20000000000000100000052 /* CloudReleaseInstaller.swift */; };
		A10000000000000100000053 /* CloudAssetService.swift in Sources */ = {isa = PBXBuildFile; fileRef = A20000000000000100000053 /* CloudAssetService.swift */; };
		A10000000000000100000054 /* CloudDebugPanel.swift in Sources */ = {isa = PBXBuildFile; fileRef = A20000000000000100000054 /* CloudDebugPanel.swift */; };
		A10000000000000100000055 /* CloudAssetClientTests.swift in Sources */ = {isa = PBXBuildFile; fileRef = A20000000000000100000055 /* CloudAssetClientTests.swift */; };
		A10000000000000100000056 /* ReferenceAssetSource.swift in Sources */ = {isa = PBXBuildFile; fileRef = A20000000000000100000056 /* ReferenceAssetSource.swift */; };
		A10000000000000100000057 /* ReferenceAssetSourceTests.swift in Sources */ = {isa = PBXBuildFile; fileRef = A20000000000000100000057 /* ReferenceAssetSourceTests.swift */; };
/* End PBXBuildFile section */

/* Begin PBXFileReference section */
		A20000000000000100000001 /* RockVisionApp.swift */ = {isa = PBXFileReference; lastKnownFileType = sourcecode.swift; path = RockVisionApp.swift; sourceTree = "<group>"; };
		A20000000000000100000002 /* ContentView.swift */ = {isa = PBXFileReference; lastKnownFileType = sourcecode.swift; path = ContentView.swift; sourceTree = "<group>"; };
		A20000000000000100000003 /* ARSessionHost.swift */ = {isa = PBXFileReference; lastKnownFileType = sourcecode.swift; path = ARSessionHost.swift; sourceTree = "<group>"; };
		A20000000000000100000004 /* ARCameraPreview.swift */ = {isa = PBXFileReference; lastKnownFileType = sourcecode.swift; path = ARCameraPreview.swift; sourceTree = "<group>"; };
		A20000000000000100000005 /* DebugOverlayView.swift */ = {isa = PBXFileReference; lastKnownFileType = sourcecode.swift; path = DebugOverlayView.swift; sourceTree = "<group>"; };
		A20000000000000100000006 /* Assets.xcassets */ = {isa = PBXFileReference; lastKnownFileType = folder.assetcatalog; path = Assets.xcassets; sourceTree = "<group>"; };
		A20000000000000100000007 /* ARKit.framework */ = {isa = PBXFileReference; lastKnownFileType = wrapper.framework; name = ARKit.framework; path = System/Library/Frameworks/ARKit.framework; sourceTree = SDKROOT; };
		A20000000000000100000008 /* RealityKit.framework */ = {isa = PBXFileReference; lastKnownFileType = wrapper.framework; name = RealityKit.framework; path = System/Library/Frameworks/RealityKit.framework; sourceTree = SDKROOT; };
		A20000000000000100000009 /* Info.plist */ = {isa = PBXFileReference; lastKnownFileType = text.plist.xml; path = Info.plist; sourceTree = "<group>"; };
		A2000000000000010000000A /* RockVision.app */ = {isa = PBXFileReference; explicitFileType = wrapper.application; includeInIndex = 0; path = RockVision.app; sourceTree = BUILT_PRODUCTS_DIR; };
		A2000000000000010000000B /* OpenCVBridge.h */ = {isa = PBXFileReference; lastKnownFileType = sourcecode.c.h; path = OpenCVBridge.h; sourceTree = "<group>"; };
		A2000000000000010000000C /* OpenCVBridge.mm */ = {isa = PBXFileReference; lastKnownFileType = sourcecode.cpp.objcpp; path = OpenCVBridge.mm; sourceTree = "<group>"; };
		A2000000000000010000000D /* OpenCVFrameProcessor.swift */ = {isa = PBXFileReference; lastKnownFileType = sourcecode.swift; path = OpenCVFrameProcessor.swift; sourceTree = "<group>"; };
		A2000000000000010000000E /* CameraIntrinsics.swift */ = {isa = PBXFileReference; lastKnownFileType = sourcecode.swift; path = CameraIntrinsics.swift; sourceTree = "<group>"; };
		A2000000000000010000000F /* RockVision-Bridging-Header.h */ = {isa = PBXFileReference; lastKnownFileType = sourcecode.c.h; path = "RockVision-Bridging-Header.h"; sourceTree = "<group>"; };
		A20000000000000100000010 /* opencv2.xcframework */ = {isa = PBXFileReference; lastKnownFileType = wrapper.xcframework; name = opencv2.xcframework; path = Vendor/OpenCV/opencv2.xcframework; sourceTree = "<group>"; };
		A20000000000000100000011 /* Accelerate.framework */ = {isa = PBXFileReference; lastKnownFileType = wrapper.framework; name = Accelerate.framework; path = System/Library/Frameworks/Accelerate.framework; sourceTree = SDKROOT; };
		A20000000000000100000012 /* CoreVideo.framework */ = {isa = PBXFileReference; lastKnownFileType = wrapper.framework; name = CoreVideo.framework; path = System/Library/Frameworks/CoreVideo.framework; sourceTree = SDKROOT; };
		A20000000000000100000013 /* CoreMedia.framework */ = {isa = PBXFileReference; lastKnownFileType = wrapper.framework; name = CoreMedia.framework; path = System/Library/Frameworks/CoreMedia.framework; sourceTree = SDKROOT; };
		A20000000000000100000015 /* OpenCVBridgeTests.swift */ = {isa = PBXFileReference; lastKnownFileType = sourcecode.swift; path = OpenCVBridgeTests.swift; sourceTree = "<group>"; };
		A20000000000000100000016 /* RockVisionTests.xctest */ = {isa = PBXFileReference; explicitFileType = wrapper.cfbundle; includeInIndex = 0; path = RockVisionTests.xctest; sourceTree = BUILT_PRODUCTS_DIR; };
		A20000000000000100000017 /* KeypointOverlayView.swift */ = {isa = PBXFileReference; lastKnownFileType = sourcecode.swift; path = KeypointOverlayView.swift; sourceTree = "<group>"; };
		A20000000000000100000018 /* SIFTCoordinateMapping.swift */ = {isa = PBXFileReference; lastKnownFileType = sourcecode.swift; path = SIFTCoordinateMapping.swift; sourceTree = "<group>"; };
		A20000000000000100000019 /* SIFTFrameResult.swift */ = {isa = PBXFileReference; lastKnownFileType = sourcecode.swift; path = SIFTFrameResult.swift; sourceTree = "<group>"; };
		A2000000000000010000001A /* SIFTExtractionTests.swift */ = {isa = PBXFileReference; lastKnownFileType = sourcecode.swift; path = SIFTExtractionTests.swift; sourceTree = "<group>"; };
		A2000000000000010000001B /* FieldTestModels.swift */ = {isa = PBXFileReference; lastKnownFileType = sourcecode.swift; path = FieldTestModels.swift; sourceTree = "<group>"; };
		A2000000000000010000001C /* FieldTestStore.swift */ = {isa = PBXFileReference; lastKnownFileType = sourcecode.swift; path = FieldTestStore.swift; sourceTree = "<group>"; };
		A2000000000000010000001D /* FieldTestController.swift */ = {isa = PBXFileReference; lastKnownFileType = sourcecode.swift; path = FieldTestController.swift; sourceTree = "<group>"; };
		A2000000000000010000001E /* FieldTestPanel.swift */ = {isa = PBXFileReference; lastKnownFileType = sourcecode.swift; path = FieldTestPanel.swift; sourceTree = "<group>"; };
		A2000000000000010000001F /* FieldTestStoreTests.swift */ = {isa = PBXFileReference; lastKnownFileType = sourcecode.swift; path = FieldTestStoreTests.swift; sourceTree = "<group>"; };
		A20000000000000100000020 /* FieldTestExport.swift */ = {isa = PBXFileReference; lastKnownFileType = sourcecode.swift; path = FieldTestExport.swift; sourceTree = "<group>"; };
		A20000000000000100000021 /* MatchingConstants.swift */ = {isa = PBXFileReference; lastKnownFileType = sourcecode.swift; path = MatchingConstants.swift; sourceTree = "<group>"; };
		A20000000000000100000022 /* Point3DMatchCollapser.swift */ = {isa = PBXFileReference; lastKnownFileType = sourcecode.swift; path = Point3DMatchCollapser.swift; sourceTree = "<group>"; };
		A20000000000000100000023 /* RVS1Artifact.swift */ = {isa = PBXFileReference; lastKnownFileType = sourcecode.swift; path = RVS1Artifact.swift; sourceTree = "<group>"; };
		A20000000000000100000024 /* ReferenceDatabase.swift */ = {isa = PBXFileReference; lastKnownFileType = sourcecode.swift; path = ReferenceDatabase.swift; sourceTree = "<group>"; };
		A20000000000000100000025 /* Point3DMatchCollapserTests.swift */ = {isa = PBXFileReference; lastKnownFileType = sourcecode.swift; path = Point3DMatchCollapserTests.swift; sourceTree = "<group>"; };
		A20000000000000100000026 /* DevelopmentFixture.swift */ = {isa = PBXFileReference; lastKnownFileType = sourcecode.swift; path = DevelopmentFixture.swift; sourceTree = "<group>"; };
		A20000000000000100000027 /* DevelopmentFixture */ = {isa = PBXFileReference; lastKnownFileType = folder; path = DevelopmentFixture; sourceTree = "<group>"; };
		A20000000000000100000028 /* DevelopmentFixtureTests.swift */ = {isa = PBXFileReference; lastKnownFileType = sourcecode.swift; path = DevelopmentFixtureTests.swift; sourceTree = "<group>"; };
		A20000000000000100000029 /* MatchingRuntime.swift */ = {isa = PBXFileReference; lastKnownFileType = sourcecode.swift; path = MatchingRuntime.swift; sourceTree = "<group>"; };
		A2000000000000010000002A /* PnPConstants.swift */ = {isa = PBXFileReference; lastKnownFileType = sourcecode.swift; path = PnPConstants.swift; sourceTree = "<group>"; };
		A2000000000000010000002B /* PnPGeometry.swift */ = {isa = PBXFileReference; lastKnownFileType = sourcecode.swift; path = PnPGeometry.swift; sourceTree = "<group>"; };
		A2000000000000010000002C /* PnPSidecar.swift */ = {isa = PBXFileReference; lastKnownFileType = sourcecode.swift; path = PnPSidecar.swift; sourceTree = "<group>"; };
		A2000000000000010000002D /* PnPConventionTests.swift */ = {isa = PBXFileReference; lastKnownFileType = sourcecode.swift; path = PnPConventionTests.swift; sourceTree = "<group>"; };
		A2000000000000010000002E /* PnPSidecarTests.swift */ = {isa = PBXFileReference; lastKnownFileType = sourcecode.swift; path = PnPSidecarTests.swift; sourceTree = "<group>"; };
		A2000000000000010000002F /* PnPRuntime.swift */ = {isa = PBXFileReference; lastKnownFileType = sourcecode.swift; path = PnPRuntime.swift; sourceTree = "<group>"; };
		A20000000000000100000030 /* PnPSim3.swift */ = {isa = PBXFileReference; lastKnownFileType = sourcecode.swift; path = PnPSim3.swift; sourceTree = "<group>"; };
		A20000000000000100000031 /* PnPRuntimeTests.swift */ = {isa = PBXFileReference; lastKnownFileType = sourcecode.swift; path = PnPRuntimeTests.swift; sourceTree = "<group>"; };
		A20000000000000100000032 /* PnPParityTests.swift */ = {isa = PBXFileReference; lastKnownFileType = sourcecode.swift; path = PnPParityTests.swift; sourceTree = "<group>"; };
		A20000000000000100000033 /* S_wall_colmap.json */ = {isa = PBXFileReference; lastKnownFileType = text.json; path = S_wall_colmap.json; sourceTree = "<group>"; };
		A20000000000000100000034 /* PnPSceneAParity.json */ = {isa = PBXFileReference; lastKnownFileType = text.json; path = PnPSceneAParity.json; sourceTree = "<group>"; };
		A20000000000000100000035 /* PnPSceneAParityExpected.json */ = {isa = PBXFileReference; lastKnownFileType = text.json; path = PnPSceneAParityExpected.json; sourceTree = "<group>"; };
		A20000000000000100000036 /* LocalizationConfirmation.swift */ = {isa = PBXFileReference; lastKnownFileType = sourcecode.swift; path = LocalizationConfirmation.swift; sourceTree = "<group>"; };
		A20000000000000100000037 /* LocalizationConfirmationTests.swift */ = {isa = PBXFileReference; lastKnownFileType = sourcecode.swift; path = LocalizationConfirmationTests.swift; sourceTree = "<group>"; };
		A20000000000000100000038 /* FieldConfirmationSessionBarrier.swift */ = {isa = PBXFileReference; lastKnownFileType = sourcecode.swift; path = FieldConfirmationSessionBarrier.swift; sourceTree = "<group>"; };
		A20000000000000100000039 /* FieldConfirmationSessionBarrierTests.swift */ = {isa = PBXFileReference; lastKnownFileType = sourcecode.swift; path = FieldConfirmationSessionBarrierTests.swift; sourceTree = "<group>"; };
		A2000000000000010000003A /* CoordinateTransforms.swift */ = {isa = PBXFileReference; lastKnownFileType = sourcecode.swift; path = CoordinateTransforms.swift; sourceTree = "<group>"; };
		A2000000000000010000003B /* ProductionAlignment.swift */ = {isa = PBXFileReference; lastKnownFileType = sourcecode.swift; path = ProductionAlignment.swift; sourceTree = "<group>"; };
		A2000000000000010000003C /* CoordinateTransformsTests.swift */ = {isa = PBXFileReference; lastKnownFileType = sourcecode.swift; path = CoordinateTransformsTests.swift; sourceTree = "<group>"; };
		A2000000000000010000003D /* ProductionAlignmentTests.swift */ = {isa = PBXFileReference; lastKnownFileType = sourcecode.swift; path = ProductionAlignmentTests.swift; sourceTree = "<group>"; };
		A2000000000000010000003E /* WallAlignmentDebugGeometry.swift */ = {isa = PBXFileReference; lastKnownFileType = sourcecode.swift; path = WallAlignmentDebugGeometry.swift; sourceTree = "<group>"; };
		A2000000000000010000003F /* WallAlignmentDebugOverlay.swift */ = {isa = PBXFileReference; lastKnownFileType = sourcecode.swift; path = WallAlignmentDebugOverlay.swift; sourceTree = "<group>"; };
		A20000000000000100000040 /* WallAlignmentDebugGeometryTests.swift */ = {isa = PBXFileReference; lastKnownFileType = sourcecode.swift; path = WallAlignmentDebugGeometryTests.swift; sourceTree = "<group>"; };
		A20000000000000100000041 /* Gate4BMeasurementFixture.swift */ = {isa = PBXFileReference; lastKnownFileType = sourcecode.swift; path = Gate4BMeasurementFixture.swift; sourceTree = "<group>"; };
		A20000000000000100000042 /* Gate4BMeasurementFixture.json */ = {isa = PBXFileReference; lastKnownFileType = text.json; path = Gate4BMeasurementFixture.json; sourceTree = "<group>"; };
		A20000000000000100000043 /* Gate4BMeasurementInstrumentationTests.swift */ = {isa = PBXFileReference; lastKnownFileType = sourcecode.swift; path = Gate4BMeasurementInstrumentationTests.swift; sourceTree = "<group>"; };
		A20000000000000100000044 /* Gate4BPhysicalValidationHUD.swift */ = {isa = PBXFileReference; lastKnownFileType = sourcecode.swift; path = Gate4BPhysicalValidationHUD.swift; sourceTree = "<group>"; };
		A20000000000000100000045 /* Gate4BPhysicalValidationHUDTests.swift */ = {isa = PBXFileReference; lastKnownFileType = sourcecode.swift; path = Gate4BPhysicalValidationHUDTests.swift; sourceTree = "<group>"; };
		A20000000000000100000046 /* Gate5BRouteTransformTests.swift */ = {isa = PBXFileReference; lastKnownFileType = sourcecode.swift; path = Gate5BRouteTransformTests.swift; sourceTree = "<group>"; };
		A20000000000000100000047 /* RuntimeRouteBinding.swift */ = {isa = PBXFileReference; lastKnownFileType = sourcecode.swift; path = RuntimeRouteBinding.swift; sourceTree = "<group>"; };
		A20000000000000100000048 /* Gate5CRouteFixture.json */ = {isa = PBXFileReference; lastKnownFileType = text.json; path = Gate5CRouteFixture.json; sourceTree = "<group>"; };
		A20000000000000100000049 /* Gate5CRuntimeRouteBindingTests.swift */ = {isa = PBXFileReference; lastKnownFileType = sourcecode.swift; path = Gate5CRuntimeRouteBindingTests.swift; sourceTree = "<group>"; };
		A2000000000000010000004A /* RouteRenderPlan.swift */ = {isa = PBXFileReference; lastKnownFileType = sourcecode.swift; path = RouteRenderPlan.swift; sourceTree = "<group>"; };
		A2000000000000010000004B /* RouteOverlay.swift */ = {isa = PBXFileReference; lastKnownFileType = sourcecode.swift; path = RouteOverlay.swift; sourceTree = "<group>"; };
		A2000000000000010000004C /* Gate5DARendererCorrectnessTests.swift */ = {isa = PBXFileReference; lastKnownFileType = sourcecode.swift; path = Gate5DARendererCorrectnessTests.swift; sourceTree = "<group>"; };
		A2000000000000010000004D /* CloudAPIConfiguration.swift */ = {isa = PBXFileReference; lastKnownFileType = sourcecode.swift; path = CloudAPIConfiguration.swift; sourceTree = "<group>"; };
		A2000000000000010000004E /* CloudAssetContract.swift */ = {isa = PBXFileReference; lastKnownFileType = sourcecode.swift; path = CloudAssetContract.swift; sourceTree = "<group>"; };
		A2000000000000010000004F /* CloudAPIClient.swift */ = {isa = PBXFileReference; lastKnownFileType = sourcecode.swift; path = CloudAPIClient.swift; sourceTree = "<group>"; };
		A20000000000000100000050 /* CloudIntegrity.swift */ = {isa = PBXFileReference; lastKnownFileType = sourcecode.swift; path = CloudIntegrity.swift; sourceTree = "<group>"; };
		A20000000000000100000051 /* CloudReleaseStore.swift */ = {isa = PBXFileReference; lastKnownFileType = sourcecode.swift; path = CloudReleaseStore.swift; sourceTree = "<group>"; };
		A20000000000000100000052 /* CloudReleaseInstaller.swift */ = {isa = PBXFileReference; lastKnownFileType = sourcecode.swift; path = CloudReleaseInstaller.swift; sourceTree = "<group>"; };
		A20000000000000100000053 /* CloudAssetService.swift */ = {isa = PBXFileReference; lastKnownFileType = sourcecode.swift; path = CloudAssetService.swift; sourceTree = "<group>"; };
		A20000000000000100000054 /* CloudDebugPanel.swift */ = {isa = PBXFileReference; lastKnownFileType = sourcecode.swift; path = CloudDebugPanel.swift; sourceTree = "<group>"; };
		A20000000000000100000055 /* CloudAssetClientTests.swift */ = {isa = PBXFileReference; lastKnownFileType = sourcecode.swift; path = CloudAssetClientTests.swift; sourceTree = "<group>"; };
		A20000000000000100000056 /* ReferenceAssetSource.swift */ = {isa = PBXFileReference; lastKnownFileType = sourcecode.swift; path = ReferenceAssetSource.swift; sourceTree = "<group>"; };
		A20000000000000100000057 /* ReferenceAssetSourceTests.swift */ = {isa = PBXFileReference; lastKnownFileType = sourcecode.swift; path = ReferenceAssetSourceTests.swift; sourceTree = "<group>"; };
/* End PBXFileReference section */

/* Begin PBXFrameworksBuildPhase section */
		A30000000000000100000001 /* Frameworks */ = {
			isa = PBXFrameworksBuildPhase;
			buildActionMask = 2147483647;
			files = (
				A10000000000000100000007 /* ARKit.framework in Frameworks */,
				A10000000000000100000008 /* RealityKit.framework in Frameworks */,
				A1000000000000010000000C /* opencv2.xcframework in Frameworks */,
				A1000000000000010000000D /* Accelerate.framework in Frameworks */,
				A1000000000000010000000E /* CoreVideo.framework in Frameworks */,
				A1000000000000010000000F /* CoreMedia.framework in Frameworks */,
			);
			runOnlyForDeploymentPostprocessing = 0;
		};
		A30000000000000100000002 /* Frameworks */ = {
			isa = PBXFrameworksBuildPhase;
			buildActionMask = 2147483647;
			files = (
				A10000000000000100000011 /* opencv2.xcframework in Frameworks */,
			);
			runOnlyForDeploymentPostprocessing = 0;
		};
/* End PBXFrameworksBuildPhase section */

/* Begin PBXGroup section */
		A40000000000000100000001 = {
			isa = PBXGroup;
			children = (
				A40000000000000100000002 /* RockVision */,
				A4000000000000010000000C /* RockVisionTests */,
				A40000000000000100000007 /* Frameworks */,
				A40000000000000100000008 /* Products */,
			);
			sourceTree = "<group>";
		};
		A40000000000000100000002 /* RockVision */ = {
			isa = PBXGroup;
			children = (
				A40000000000000100000003 /* App */,
				A40000000000000100000009 /* Bridge */,
				A40000000000000100000004 /* Features */,
				A20000000000000100000006 /* Assets.xcassets */,
				A4000000000000010000000F /* Resources */,
				A20000000000000100000009 /* Info.plist */,
				A2000000000000010000000F /* RockVision-Bridging-Header.h */,
			);
			path = RockVision;
			sourceTree = "<group>";
		};
		A40000000000000100000003 /* App */ = {
			isa = PBXGroup;
			children = (
				A20000000000000100000001 /* RockVisionApp.swift */,
				A20000000000000100000002 /* ContentView.swift */,
			);
			path = App;
			sourceTree = "<group>";
		};
		A40000000000000100000004 /* Features */ = {
			isa = PBXGroup;
			children = (
				A40000000000000100000005 /* ARSessionHost */,
				A40000000000000100000006 /* DebugOverlay */,
				A4000000000000010000000B /* OpenCV */,
				A4000000000000010000000D /* FieldTest */,
				A4000000000000010000000E /* Matching */,
				A40000000000000100000010 /* PnP */,
				A40000000000000100000011 /* RouteOverlay */,
				A40000000000000100000012 /* Cloud */,
			);
			path = Features;
			sourceTree = "<group>";
		};
		A40000000000000100000005 /* ARSessionHost */ = {
			isa = PBXGroup;
			children = (
				A20000000000000100000003 /* ARSessionHost.swift */,
				A20000000000000100000004 /* ARCameraPreview.swift */,
			);
			path = ARSessionHost;
			sourceTree = "<group>";
		};
		A40000000000000100000006 /* DebugOverlay */ = {
			isa = PBXGroup;
			children = (
				A20000000000000100000005 /* DebugOverlayView.swift */,
				A20000000000000100000017 /* KeypointOverlayView.swift */,
				A2000000000000010000003F /* WallAlignmentDebugOverlay.swift */,
			);
			path = DebugOverlay;
			sourceTree = "<group>";
		};
		A40000000000000100000009 /* Bridge */ = {
			isa = PBXGroup;
			children = (
				A4000000000000010000000A /* OpenCV */,
			);
			path = Bridge;
			sourceTree = "<group>";
		};
		A4000000000000010000000A /* OpenCV */ = {
			isa = PBXGroup;
			children = (
				A2000000000000010000000B /* OpenCVBridge.h */,
				A2000000000000010000000C /* OpenCVBridge.mm */,
			);
			path = OpenCV;
			sourceTree = "<group>";
		};
		A4000000000000010000000B /* OpenCV */ = {
			isa = PBXGroup;
			children = (
				A2000000000000010000000D /* OpenCVFrameProcessor.swift */,
				A2000000000000010000000E /* CameraIntrinsics.swift */,
				A20000000000000100000018 /* SIFTCoordinateMapping.swift */,
				A20000000000000100000019 /* SIFTFrameResult.swift */,
			);
			path = OpenCV;
			sourceTree = "<group>";
		};
		A4000000000000010000000D /* FieldTest */ = {
			isa = PBXGroup;
			children = (
				A2000000000000010000001B /* FieldTestModels.swift */,
				A2000000000000010000001C /* FieldTestStore.swift */,
				A2000000000000010000001D /* FieldTestController.swift */,
				A2000000000000010000001E /* FieldTestPanel.swift */,
				A20000000000000100000020 /* FieldTestExport.swift */,
				A20000000000000100000038 /* FieldConfirmationSessionBarrier.swift */,
				A20000000000000100000044 /* Gate4BPhysicalValidationHUD.swift */,
			);
			path = FieldTest;
			sourceTree = "<group>";
		};
		A4000000000000010000000E /* Matching */ = {
			isa = PBXGroup;
			children = (
				A20000000000000100000021 /* MatchingConstants.swift */,
				A20000000000000100000022 /* Point3DMatchCollapser.swift */,
				A20000000000000100000023 /* RVS1Artifact.swift */,
				A20000000000000100000024 /* ReferenceDatabase.swift */,
				A20000000000000100000026 /* DevelopmentFixture.swift */,
				A20000000000000100000056 /* ReferenceAssetSource.swift */,
				A20000000000000100000029 /* MatchingRuntime.swift */,
			);
			path = Matching;
			sourceTree = "<group>";
		};
		A40000000000000100000010 /* PnP */ = {
			isa = PBXGroup;
			children = (
				A2000000000000010000002A /* PnPConstants.swift */,
				A2000000000000010000002B /* PnPGeometry.swift */,
				A2000000000000010000002C /* PnPSidecar.swift */,
				A2000000000000010000002F /* PnPRuntime.swift */,
				A20000000000000100000030 /* PnPSim3.swift */,
				A20000000000000100000036 /* LocalizationConfirmation.swift */,
				A2000000000000010000003A /* CoordinateTransforms.swift */,
				A2000000000000010000003B /* ProductionAlignment.swift */,
				A2000000000000010000003E /* WallAlignmentDebugGeometry.swift */,
				A20000000000000100000041 /* Gate4BMeasurementFixture.swift */,
				A20000000000000100000047 /* RuntimeRouteBinding.swift */,
				A2000000000000010000004A /* RouteRenderPlan.swift */,
			);
			path = PnP;
			sourceTree = "<group>";
		};
		A40000000000000100000011 /* RouteOverlay */ = {
			isa = PBXGroup;
			children = (
				A2000000000000010000004B /* RouteOverlay.swift */,
			);
			path = RouteOverlay;
			sourceTree = "<group>";
		};
		A40000000000000100000012 /* Cloud */ = {
			isa = PBXGroup;
			children = (
				A2000000000000010000004D /* CloudAPIConfiguration.swift */,
				A2000000000000010000004E /* CloudAssetContract.swift */,
				A2000000000000010000004F /* CloudAPIClient.swift */,
				A20000000000000100000050 /* CloudIntegrity.swift */,
				A20000000000000100000051 /* CloudReleaseStore.swift */,
				A20000000000000100000052 /* CloudReleaseInstaller.swift */,
				A20000000000000100000053 /* CloudAssetService.swift */,
				A20000000000000100000054 /* CloudDebugPanel.swift */,
			);
			path = Cloud;
			sourceTree = "<group>";
		};
		A4000000000000010000000F /* Resources */ = {
			isa = PBXGroup;
			children = (
				A20000000000000100000027 /* DevelopmentFixture */,
				A20000000000000100000033 /* S_wall_colmap.json */,
				A20000000000000100000042 /* Gate4BMeasurementFixture.json */,
				A20000000000000100000048 /* Gate5CRouteFixture.json */,
				A20000000000000100000034 /* PnPSceneAParity.json */,
				A20000000000000100000035 /* PnPSceneAParityExpected.json */,
			);
			path = Resources;
			sourceTree = "<group>";
		};
		A4000000000000010000000C /* RockVisionTests */ = {
			isa = PBXGroup;
			children = (
				A20000000000000100000015 /* OpenCVBridgeTests.swift */,
				A2000000000000010000001A /* SIFTExtractionTests.swift */,
				A2000000000000010000001F /* FieldTestStoreTests.swift */,
				A20000000000000100000025 /* Point3DMatchCollapserTests.swift */,
				A20000000000000100000028 /* DevelopmentFixtureTests.swift */,
				A2000000000000010000002D /* PnPConventionTests.swift */,
				A2000000000000010000002E /* PnPSidecarTests.swift */,
				A20000000000000100000031 /* PnPRuntimeTests.swift */,
				A20000000000000100000032 /* PnPParityTests.swift */,
				A20000000000000100000037 /* LocalizationConfirmationTests.swift */,
				A20000000000000100000039 /* FieldConfirmationSessionBarrierTests.swift */,
				A2000000000000010000003C /* CoordinateTransformsTests.swift */,
				A2000000000000010000003D /* ProductionAlignmentTests.swift */,
				A20000000000000100000040 /* WallAlignmentDebugGeometryTests.swift */,
				A20000000000000100000043 /* Gate4BMeasurementInstrumentationTests.swift */,
				A20000000000000100000045 /* Gate4BPhysicalValidationHUDTests.swift */,
				A20000000000000100000046 /* Gate5BRouteTransformTests.swift */,
				A20000000000000100000049 /* Gate5CRuntimeRouteBindingTests.swift */,
				A2000000000000010000004C /* Gate5DARendererCorrectnessTests.swift */,
				A20000000000000100000055 /* CloudAssetClientTests.swift */,
				A20000000000000100000057 /* ReferenceAssetSourceTests.swift */,
			);
			path = RockVisionTests;
			sourceTree = "<group>";
		};
		A40000000000000100000007 /* Frameworks */ = {
			isa = PBXGroup;
			children = (
				A20000000000000100000010 /* opencv2.xcframework */,
				A20000000000000100000007 /* ARKit.framework */,
				A20000000000000100000008 /* RealityKit.framework */,
				A20000000000000100000011 /* Accelerate.framework */,
				A20000000000000100000012 /* CoreVideo.framework */,
				A20000000000000100000013 /* CoreMedia.framework */,
			);
			name = Frameworks;
			sourceTree = "<group>";
		};
		A40000000000000100000008 /* Products */ = {
			isa = PBXGroup;
			children = (
				A2000000000000010000000A /* RockVision.app */,
				A20000000000000100000016 /* RockVisionTests.xctest */,
			);
			name = Products;
			sourceTree = "<group>";
		};
/* End PBXGroup section */

/* Begin PBXNativeTarget section */
		A50000000000000100000001 /* RockVision */ = {
			isa = PBXNativeTarget;
			buildConfigurationList = A70000000000000100000003 /* Build configuration list for PBXNativeTarget "RockVision" */;
			buildPhases = (
				A60000000000000100000001 /* Sources */,
				A30000000000000100000001 /* Frameworks */,
				A60000000000000100000002 /* Resources */,
			);
			buildRules = (
			);
			dependencies = (
			);
			name = RockVision;
			productName = RockVision;
			productReference = A2000000000000010000000A /* RockVision.app */;
			productType = "com.apple.product-type.application";
		};
		A50000000000000100000002 /* RockVisionTests */ = {
			isa = PBXNativeTarget;
			buildConfigurationList = A70000000000000100000004 /* Build configuration list for PBXNativeTarget "RockVisionTests" */;
			buildPhases = (
				A60000000000000100000003 /* Sources */,
				A30000000000000100000002 /* Frameworks */,
			);
			buildRules = (
			);
			dependencies = (
				A50000000000000100000003 /* PBXTargetDependency */,
			);
			name = RockVisionTests;
			productName = RockVisionTests;
			productReference = A20000000000000100000016 /* RockVisionTests.xctest */;
			productType = "com.apple.product-type.bundle.unit-test";
		};
/* End PBXNativeTarget section */

/* Begin PBXProject section */
		A80000000000000100000001 /* Project object */ = {
			isa = PBXProject;
			attributes = {
				BuildIndependentTargetsInParallel = 1;
				LastSwiftUpdateCheck = 2600;
				LastUpgradeCheck = 2660;
				TargetAttributes = {
					A50000000000000100000001 = {
						CreatedOnToolsVersion = 26.0;
						LastSwiftMigration = 2600;
					};
					A50000000000000100000002 = {
						CreatedOnToolsVersion = 26.0;
						TestTargetID = A50000000000000100000001;
					};
				};
			};
			buildConfigurationList = A70000000000000100000001 /* Build configuration list for PBXProject "RockVision" */;
			compatibilityVersion = "Xcode 14.0";
			developmentRegion = en;
			hasScannedForEncodings = 0;
			knownRegions = (
				en,
				Base,
			);
			mainGroup = A40000000000000100000001;
			productRefGroup = A40000000000000100000008 /* Products */;
			projectDirPath = "";
			projectRoot = "";
			targets = (
				A50000000000000100000001 /* RockVision */,
				A50000000000000100000002 /* RockVisionTests */,
			);
		};
/* End PBXProject section */

/* Begin PBXResourcesBuildPhase section */
		A60000000000000100000002 /* Resources */ = {
			isa = PBXResourcesBuildPhase;
			buildActionMask = 2147483647;
			files = (
				A10000000000000100000006 /* Assets.xcassets in Resources */,
				A10000000000000100000027 /* DevelopmentFixture in Resources */,
				A10000000000000100000033 /* S_wall_colmap.json in Resources */,
				A10000000000000100000042 /* Gate4BMeasurementFixture.json in Resources */,
				A10000000000000100000048 /* Gate5CRouteFixture.json in Resources */,
				A10000000000000100000034 /* PnPSceneAParity.json in Resources */,
				A10000000000000100000035 /* PnPSceneAParityExpected.json in Resources */,
			);
			runOnlyForDeploymentPostprocessing = 0;
		};
/* End PBXResourcesBuildPhase section */

/* Begin PBXSourcesBuildPhase section */
		A60000000000000100000001 /* Sources */ = {
			isa = PBXSourcesBuildPhase;
			buildActionMask = 2147483647;
			files = (
				A10000000000000100000001 /* RockVisionApp.swift in Sources */,
				A10000000000000100000002 /* ContentView.swift in Sources */,
				A10000000000000100000003 /* ARSessionHost.swift in Sources */,
				A10000000000000100000004 /* ARCameraPreview.swift in Sources */,
				A10000000000000100000005 /* DebugOverlayView.swift in Sources */,
				A10000000000000100000009 /* OpenCVBridge.mm in Sources */,
				A1000000000000010000000A /* OpenCVFrameProcessor.swift in Sources */,
				A1000000000000010000000B /* CameraIntrinsics.swift in Sources */,
				A10000000000000100000012 /* KeypointOverlayView.swift in Sources */,
				A1000000000000010000003F /* WallAlignmentDebugOverlay.swift in Sources */,
				A10000000000000100000013 /* SIFTCoordinateMapping.swift in Sources */,
				A10000000000000100000014 /* SIFTFrameResult.swift in Sources */,
				A10000000000000100000016 /* FieldTestModels.swift in Sources */,
				A10000000000000100000017 /* FieldTestStore.swift in Sources */,
				A10000000000000100000018 /* FieldTestController.swift in Sources */,
				A10000000000000100000019 /* FieldTestPanel.swift in Sources */,
				A10000000000000100000020 /* FieldTestExport.swift in Sources */,
				A10000000000000100000038 /* FieldConfirmationSessionBarrier.swift in Sources */,
				A10000000000000100000044 /* Gate4BPhysicalValidationHUD.swift in Sources */,
				A10000000000000100000021 /* MatchingConstants.swift in Sources */,
				A10000000000000100000022 /* Point3DMatchCollapser.swift in Sources */,
				A10000000000000100000023 /* RVS1Artifact.swift in Sources */,
				A10000000000000100000024 /* ReferenceDatabase.swift in Sources */,
				A10000000000000100000026 /* DevelopmentFixture.swift in Sources */,
				A10000000000000100000056 /* ReferenceAssetSource.swift in Sources */,
				A10000000000000100000029 /* MatchingRuntime.swift in Sources */,
				A1000000000000010000002A /* PnPConstants.swift in Sources */,
				A1000000000000010000002B /* PnPGeometry.swift in Sources */,
				A1000000000000010000002C /* PnPSidecar.swift in Sources */,
				A1000000000000010000002F /* PnPRuntime.swift in Sources */,
				A10000000000000100000030 /* PnPSim3.swift in Sources */,
				A10000000000000100000036 /* LocalizationConfirmation.swift in Sources */,
				A1000000000000010000003A /* CoordinateTransforms.swift in Sources */,
				A1000000000000010000003B /* ProductionAlignment.swift in Sources */,
				A1000000000000010000003E /* WallAlignmentDebugGeometry.swift in Sources */,
				A10000000000000100000041 /* Gate4BMeasurementFixture.swift in Sources */,
				A10000000000000100000047 /* RuntimeRouteBinding.swift in Sources */,
				A1000000000000010000004A /* RouteRenderPlan.swift in Sources */,
				A1000000000000010000004B /* RouteOverlay.swift in Sources */,
				A1000000000000010000004D /* CloudAPIConfiguration.swift in Sources */,
				A1000000000000010000004E /* CloudAssetContract.swift in Sources */,
				A1000000000000010000004F /* CloudAPIClient.swift in Sources */,
				A10000000000000100000050 /* CloudIntegrity.swift in Sources */,
				A10000000000000100000051 /* CloudReleaseStore.swift in Sources */,
				A10000000000000100000052 /* CloudReleaseInstaller.swift in Sources */,
				A10000000000000100000053 /* CloudAssetService.swift in Sources */,
				A10000000000000100000054 /* CloudDebugPanel.swift in Sources */,
			);
			runOnlyForDeploymentPostprocessing = 0;
		};
		A60000000000000100000003 /* Sources */ = {
			isa = PBXSourcesBuildPhase;
			buildActionMask = 2147483647;
			files = (
				A10000000000000100000010 /* OpenCVBridgeTests.swift in Sources */,
				A10000000000000100000015 /* SIFTExtractionTests.swift in Sources */,
				A1000000000000010000001A /* FieldTestStoreTests.swift in Sources */,
				A10000000000000100000025 /* Point3DMatchCollapserTests.swift in Sources */,
				A10000000000000100000028 /* DevelopmentFixtureTests.swift in Sources */,
				A1000000000000010000002D /* PnPConventionTests.swift in Sources */,
				A1000000000000010000002E /* PnPSidecarTests.swift in Sources */,
				A10000000000000100000031 /* PnPRuntimeTests.swift in Sources */,
				A10000000000000100000032 /* PnPParityTests.swift in Sources */,
				A10000000000000100000037 /* LocalizationConfirmationTests.swift in Sources */,
				A10000000000000100000039 /* FieldConfirmationSessionBarrierTests.swift in Sources */,
				A1000000000000010000003C /* CoordinateTransformsTests.swift in Sources */,
				A1000000000000010000003D /* ProductionAlignmentTests.swift in Sources */,
				A10000000000000100000040 /* WallAlignmentDebugGeometryTests.swift in Sources */,
				A10000000000000100000043 /* Gate4BMeasurementInstrumentationTests.swift in Sources */,
				A10000000000000100000045 /* Gate4BPhysicalValidationHUDTests.swift in Sources */,
				A10000000000000100000046 /* Gate5BRouteTransformTests.swift in Sources */,
				A10000000000000100000049 /* Gate5CRuntimeRouteBindingTests.swift in Sources */,
				A1000000000000010000004C /* Gate5DARendererCorrectnessTests.swift in Sources */,
				A10000000000000100000055 /* CloudAssetClientTests.swift in Sources */,
				A10000000000000100000057 /* ReferenceAssetSourceTests.swift in Sources */,
			);
			runOnlyForDeploymentPostprocessing = 0;
		};
/* End PBXSourcesBuildPhase section */

/* Begin PBXContainerItemProxy section */
		A50000000000000100000004 /* PBXContainerItemProxy */ = {
			isa = PBXContainerItemProxy;
			containerPortal = A80000000000000100000001 /* Project object */;
			proxyType = 1;
			remoteGlobalIDString = A50000000000000100000001;
			remoteInfo = RockVision;
		};
/* End PBXContainerItemProxy section */

/* Begin PBXTargetDependency section */
		A50000000000000100000003 /* PBXTargetDependency */ = {
			isa = PBXTargetDependency;
			target = A50000000000000100000001 /* RockVision */;
			targetProxy = A50000000000000100000004 /* PBXContainerItemProxy */;
		};
/* End PBXTargetDependency section */

/* Begin XCBuildConfiguration section */
		A90000000000000100000001 /* Debug */ = {
			isa = XCBuildConfiguration;
			buildSettings = {
				ALWAYS_SEARCH_USER_PATHS = NO;
				CLANG_ENABLE_MODULES = YES;
				CLANG_ENABLE_OBJC_ARC = YES;
				CLANG_WARN_BLOCK_CAPTURE_AUTORELEASING = YES;
				CLANG_WARN_BOOL_CONVERSION = YES;
				CLANG_WARN_COMMA = YES;
				CLANG_WARN_CONSTANT_CONVERSION = YES;
				CLANG_WARN_DEPRECATED_OBJC_IMPLEMENTATIONS = YES;
				CLANG_WARN_EMPTY_BODY = YES;
				CLANG_WARN_ENUM_CONVERSION = YES;
				CLANG_WARN_INFINITE_RECURSION = YES;
				CLANG_WARN_INT_CONVERSION = YES;
				CLANG_WARN_NON_LITERAL_NULL_CONVERSION = YES;
				CLANG_WARN_OBJC_IMPLICIT_RETAIN_SELF = YES;
				CLANG_WARN_OBJC_LITERAL_CONVERSION = YES;
				CLANG_WARN_QUOTED_INCLUDE_IN_FRAMEWORK_HEADER = YES;
				CLANG_WARN_RANGE_LOOP_ANALYSIS = YES;
				CLANG_WARN_STRICT_PROTOTYPES = YES;
				CLANG_WARN_SUSPICIOUS_MOVE = YES;
				CLANG_WARN_UNREACHABLE_CODE = YES;
				CLANG_WARN__DUPLICATE_METHOD_MATCH = YES;
				COPY_PHASE_STRIP = NO;
				DEBUG_INFORMATION_FORMAT = dwarf;
				DEVELOPMENT_TEAM = P767DBUSNG;
				ENABLE_STRICT_OBJC_MSGSEND = YES;
				ENABLE_TESTABILITY = YES;
				ENABLE_USER_SCRIPT_SANDBOXING = YES;
				GCC_DYNAMIC_NO_PIC = NO;
				GCC_NO_COMMON_BLOCKS = YES;
				GCC_OPTIMIZATION_LEVEL = 0;
				GCC_WARN_64_TO_32_BIT_CONVERSION = YES;
				GCC_WARN_ABOUT_RETURN_TYPE = YES;
				GCC_WARN_UNDECLARED_SELECTOR = YES;
				GCC_WARN_UNINITIALIZED_AUTOS = YES;
				GCC_WARN_UNUSED_FUNCTION = YES;
				GCC_WARN_UNUSED_VARIABLE = YES;
				IPHONEOS_DEPLOYMENT_TARGET = 17.0;
				MTL_ENABLE_DEBUG_INFO = INCLUDE_SOURCE;
				ONLY_ACTIVE_ARCH = YES;
				SDKROOT = iphoneos;
				STRING_CATALOG_GENERATE_SYMBOLS = YES;
				SWIFT_ACTIVE_COMPILATION_CONDITIONS = DEBUG;
				SWIFT_OPTIMIZATION_LEVEL = "-Onone";
			};
			name = Debug;
		};
		A90000000000000100000002 /* Release */ = {
			isa = XCBuildConfiguration;
			buildSettings = {
				ALWAYS_SEARCH_USER_PATHS = NO;
				CLANG_ENABLE_MODULES = YES;
				CLANG_ENABLE_OBJC_ARC = YES;
				CLANG_WARN_BLOCK_CAPTURE_AUTORELEASING = YES;
				CLANG_WARN_BOOL_CONVERSION = YES;
				CLANG_WARN_COMMA = YES;
				CLANG_WARN_CONSTANT_CONVERSION = YES;
				CLANG_WARN_DEPRECATED_OBJC_IMPLEMENTATIONS = YES;
				CLANG_WARN_EMPTY_BODY = YES;
				CLANG_WARN_ENUM_CONVERSION = YES;
				CLANG_WARN_INFINITE_RECURSION = YES;
				CLANG_WARN_INT_CONVERSION = YES;
				CLANG_WARN_NON_LITERAL_NULL_CONVERSION = YES;
				CLANG_WARN_OBJC_IMPLICIT_RETAIN_SELF = YES;
				CLANG_WARN_OBJC_LITERAL_CONVERSION = YES;
				CLANG_WARN_QUOTED_INCLUDE_IN_FRAMEWORK_HEADER = YES;
				CLANG_WARN_RANGE_LOOP_ANALYSIS = YES;
				CLANG_WARN_STRICT_PROTOTYPES = YES;
				CLANG_WARN_SUSPICIOUS_MOVE = YES;
				CLANG_WARN_UNREACHABLE_CODE = YES;
				CLANG_WARN__DUPLICATE_METHOD_MATCH = YES;
				COPY_PHASE_STRIP = NO;
				DEBUG_INFORMATION_FORMAT = "dwarf-with-dsym";
				DEVELOPMENT_TEAM = P767DBUSNG;
				ENABLE_NS_ASSERTIONS = NO;
				ENABLE_STRICT_OBJC_MSGSEND = YES;
				ENABLE_USER_SCRIPT_SANDBOXING = YES;
				GCC_NO_COMMON_BLOCKS = YES;
				GCC_OPTIMIZATION_LEVEL = s;
				GCC_WARN_64_TO_32_BIT_CONVERSION = YES;
				GCC_WARN_ABOUT_RETURN_TYPE = YES;
				GCC_WARN_UNDECLARED_SELECTOR = YES;
				GCC_WARN_UNINITIALIZED_AUTOS = YES;
				GCC_WARN_UNUSED_FUNCTION = YES;
				GCC_WARN_UNUSED_VARIABLE = YES;
				IPHONEOS_DEPLOYMENT_TARGET = 17.0;
				MTL_ENABLE_DEBUG_INFO = NO;
				SDKROOT = iphoneos;
				STRING_CATALOG_GENERATE_SYMBOLS = YES;
				SWIFT_COMPILATION_MODE = wholemodule;
				VALIDATE_PRODUCT = YES;
			};
			name = Release;
		};
		A90000000000000100000003 /* Debug */ = {
			isa = XCBuildConfiguration;
			buildSettings = {
				ASSETCATALOG_COMPILER_APPICON_NAME = AppIcon;
				ASSETCATALOG_COMPILER_GLOBAL_ACCENT_COLOR_NAME = AccentColor;
				CODE_SIGN_STYLE = Automatic;
				CURRENT_PROJECT_VERSION = 1;
				GENERATE_INFOPLIST_FILE = NO;
				INFOPLIST_FILE = RockVision/Info.plist;
				INFOPLIST_KEY_CFBundleDisplayName = CragPal;
				INFOPLIST_KEY_LSApplicationCategoryType = "public.app-category.utilities";
				LD_RUNPATH_SEARCH_PATHS = (
					"$(inherited)",
					"@executable_path/Frameworks",
				);
				MARKETING_VERSION = 2.0.0;
				PRODUCT_BUNDLE_IDENTIFIER = com.rockvision.v2;
				PRODUCT_NAME = "$(TARGET_NAME)";
				SUPPORTED_PLATFORMS = "iphoneos iphonesimulator";
				SUPPORTS_MACCATALYST = NO;
				CLANG_CXX_LANGUAGE_STANDARD = "gnu++17";
				CLANG_CXX_LIBRARY = "libc++";
				CLANG_ENABLE_OBJC_ARC = YES;
				FRAMEWORK_SEARCH_PATHS = (
					"$(inherited)",
					"$(PROJECT_DIR)/Vendor/OpenCV",
				);
				OTHER_LDFLAGS = (
					"$(inherited)",
					"-lc++",
				);
				SWIFT_EMIT_LOC_STRINGS = YES;
				SWIFT_OBJC_BRIDGING_HEADER = "RockVision/RockVision-Bridging-Header.h";
				SWIFT_VERSION = 5.0;
				TARGETED_DEVICE_FAMILY = 1;
			};
			name = Debug;
		};
		A90000000000000100000004 /* Release */ = {
			isa = XCBuildConfiguration;
			buildSettings = {
				ASSETCATALOG_COMPILER_APPICON_NAME = AppIcon;
				ASSETCATALOG_COMPILER_GLOBAL_ACCENT_COLOR_NAME = AccentColor;
				CODE_SIGN_STYLE = Automatic;
				CURRENT_PROJECT_VERSION = 1;
				GENERATE_INFOPLIST_FILE = NO;
				INFOPLIST_FILE = RockVision/Info.plist;
				INFOPLIST_KEY_CFBundleDisplayName = CragPal;
				INFOPLIST_KEY_LSApplicationCategoryType = "public.app-category.utilities";
				LD_RUNPATH_SEARCH_PATHS = (
					"$(inherited)",
					"@executable_path/Frameworks",
				);
				MARKETING_VERSION = 2.0.0;
				PRODUCT_BUNDLE_IDENTIFIER = com.rockvision.v2;
				PRODUCT_NAME = "$(TARGET_NAME)";
				SUPPORTED_PLATFORMS = "iphoneos iphonesimulator";
				SUPPORTS_MACCATALYST = NO;
				CLANG_CXX_LANGUAGE_STANDARD = "gnu++17";
				CLANG_CXX_LIBRARY = "libc++";
				CLANG_ENABLE_OBJC_ARC = YES;
				FRAMEWORK_SEARCH_PATHS = (
					"$(inherited)",
					"$(PROJECT_DIR)/Vendor/OpenCV",
				);
				OTHER_LDFLAGS = (
					"$(inherited)",
					"-lc++",
				);
				SWIFT_EMIT_LOC_STRINGS = YES;
				SWIFT_OBJC_BRIDGING_HEADER = "RockVision/RockVision-Bridging-Header.h";
				SWIFT_VERSION = 5.0;
				TARGETED_DEVICE_FAMILY = 1;
			};
			name = Release;
		};
		A90000000000000100000005 /* Debug */ = {
			isa = XCBuildConfiguration;
			buildSettings = {
				BUNDLE_LOADER = "$(TEST_HOST)";
				CODE_SIGN_STYLE = Automatic;
				CURRENT_PROJECT_VERSION = 1;
				DEVELOPMENT_TEAM = P767DBUSNG;
				GENERATE_INFOPLIST_FILE = YES;
				IPHONEOS_DEPLOYMENT_TARGET = 17.0;
				MARKETING_VERSION = 2.0.0;
				PRODUCT_BUNDLE_IDENTIFIER = com.rockvision.v2.tests;
				PRODUCT_NAME = "$(TARGET_NAME)";
				SDKROOT = iphoneos;
				SUPPORTED_PLATFORMS = "iphoneos iphonesimulator";
				SWIFT_VERSION = 5.0;
				TARGETED_DEVICE_FAMILY = 1;
				TEST_HOST = "$(BUILT_PRODUCTS_DIR)/RockVision.app/$(BUNDLE_EXECUTABLE_FOLDER_PATH)/RockVision";
			};
			name = Debug;
		};
		A90000000000000100000006 /* Release */ = {
			isa = XCBuildConfiguration;
			buildSettings = {
				BUNDLE_LOADER = "$(TEST_HOST)";
				CODE_SIGN_STYLE = Automatic;
				CURRENT_PROJECT_VERSION = 1;
				DEVELOPMENT_TEAM = P767DBUSNG;
				GENERATE_INFOPLIST_FILE = YES;
				IPHONEOS_DEPLOYMENT_TARGET = 17.0;
				MARKETING_VERSION = 2.0.0;
				PRODUCT_BUNDLE_IDENTIFIER = com.rockvision.v2.tests;
				PRODUCT_NAME = "$(TARGET_NAME)";
				SDKROOT = iphoneos;
				SUPPORTED_PLATFORMS = "iphoneos iphonesimulator";
				SWIFT_VERSION = 5.0;
				TARGETED_DEVICE_FAMILY = 1;
				TEST_HOST = "$(BUILT_PRODUCTS_DIR)/RockVision.app/$(BUNDLE_EXECUTABLE_FOLDER_PATH)/RockVision";
			};
			name = Release;
		};
/* End XCBuildConfiguration section */

/* Begin XCConfigurationList section */
		A70000000000000100000001 /* Build configuration list for PBXProject "RockVision" */ = {
			isa = XCConfigurationList;
			buildConfigurations = (
				A90000000000000100000001 /* Debug */,
				A90000000000000100000002 /* Release */,
			);
			defaultConfigurationIsVisible = 0;
			defaultConfigurationName = Release;
		};
		A70000000000000100000003 /* Build configuration list for PBXNativeTarget "RockVision" */ = {
			isa = XCConfigurationList;
			buildConfigurations = (
				A90000000000000100000003 /* Debug */,
				A90000000000000100000004 /* Release */,
			);
			defaultConfigurationIsVisible = 0;
			defaultConfigurationName = Release;
		};
		A70000000000000100000004 /* Build configuration list for PBXNativeTarget "RockVisionTests" */ = {
			isa = XCConfigurationList;
			buildConfigurations = (
				A90000000000000100000005 /* Debug */,
				A90000000000000100000006 /* Release */,
			);
			defaultConfigurationIsVisible = 0;
			defaultConfigurationName = Release;
		};
/* End XCConfigurationList section */
	};
	rootObject = A80000000000000100000001 /* Project object */;
}
